
Microsoft Visual Studio Solution File, Format Version 12.00
# Visual Studio Version 17
VisualStudioVersion = 17.1.32210.238
MinimumVisualStudioVersion = 10.0.40219.1
Project("{8BC9CEB8-8B4A-11D0-8D11-00A0C91BC942}") = "kursach", "kursach\kursach.vcxproj", "{F16D60C0-7A2F-4DB5-8382-2185D568DB45}"
EndProject
Global
	GlobalSection(SolutionConfigurationPlatforms) = preSolution
		Debug|x64 = Debug|x64
		Debug|x86 = Debug|x86
		Release|x64 = Release|x64
		Release|x86 = Release|x86
	EndGlobalSection
	GlobalSection(ProjectConfigurationPlatforms) = postSolution
		{F16D60C0-7A2F-4DB5-8382-2185D568DB45}.Debug|x64.ActiveCfg = Debug|x64
		{F16D60C0-7A2F-4DB5-8382-2185D568DB45}.Debug|x64.Build.0 = Debug|x64
		{F16D60C0-7A2F-4DB5-8382-2185D568DB45}.Debug|x86.ActiveCfg = Debug|Win32
		{F16D60C0-7A2F-4DB5-8382-2185D568DB45}.Debug|x86.Build.0 = Debug|Win32
		{F16D60C0-7A2F-4DB5-8382-2185D568DB45}.Release|x64.ActiveCfg = Release|x64
		{F16D60C0-7A2F-4DB5-8382-2185D568DB45}.Release|x64.Build.0 = Release|x64
		{F16D60C0-7A2F-4DB5-8382-2185D568DB45}.Release|x86.ActiveCfg = Release|Win32
		{F16D60C0-7A2F-4DB5-8382-2185D568DB45}.Release|x86.Build.0 = Release|Win32
	EndGlobalSection
	GlobalSection(SolutionProperties) = preSolution
		HideSolutionNode = FALSE
	EndGlobalSection
	GlobalSection(ExtensibilityGlobals) = postSolution
		SolutionGuid = {6FCC7795-E50E-4EE7-9EE0-5A79E889999A}
	EndGlobalSection
EndGlobal
